// !$*UTF8*$!
{
	archiveVersion = 1;
	classes = {
	};
	objectVersion = 50;
	objects = {

/* Begin PBXBuildFile section */
		ADCD716F227702280058DF23 /* AppDelegate.swift in Sources */ = {isa = PBXBuildFile; fileRef = ADCD716E227702280058DF23 /* AppDelegate.swift */; };
		ADCD7176227702290058DF23 /* Assets.xcassets in Resources */ = {isa = PBXBuildFile; fileRef = ADCD7175227702290058DF23 /* Assets.xcassets */; };
		ADCD7179227702290058DF23 /* LaunchScreen.storyboard in Resources */ = {isa = PBXBuildFile; fileRef = ADCD7177227702290058DF23 /* LaunchScreen.storyboard */; };
		ADCD7184227713A90058DF23 /* SnapKit.framework in Frameworks */ = {isa = PBXBuildFile; fileRef = ADCD7183227713A90058DF23 /* SnapKit.framework */; };
		ADCD719522771B800058DF23 /* Quick.framework in Frameworks */ = {isa = PBXBuildFile; fileRef = ADCD719422771B800058DF23 /* Quick.framework */; };
		ADCD719722771B8B0058DF23 /* Nimble.framework in Frameworks */ = {isa = PBXBuildFile; fileRef = ADCD719622771B8B0058DF23 /* Nimble.framework */; };
		ADCD719922771B940058DF23 /* SnapshotTesting.framework in Frameworks */ = {isa = PBXBuildFile; fileRef = ADCD719822771B940058DF23 /* SnapshotTesting.framework */; };
		ADCD719A22771BD40058DF23 /* Nimble.framework in CopyFiles */ = {isa = PBXBuildFile; fileRef = ADCD719622771B8B0058DF23 /* Nimble.framework */; settings = {ATTRIBUTES = (CodeSignOnCopy, RemoveHeadersOnCopy, ); }; };
		ADCD719B22771BD80058DF23 /* SnapshotTesting.framework in CopyFiles */ = {isa = PBXBuildFile; fileRef = ADCD719822771B940058DF23 /* SnapshotTesting.framework */; settings = {ATTRIBUTES = (CodeSignOnCopy, RemoveHeadersOnCopy, ); }; };
		ADCD719C22771BDB0058DF23 /* Quick.framework in CopyFiles */ = {isa = PBXBuildFile; fileRef = ADCD719422771B800058DF23 /* Quick.framework */; settings = {ATTRIBUTES = (CodeSignOnCopy, RemoveHeadersOnCopy, ); }; };
		ADCD71A122771CF90058DF23 /* SearchViewController.swift in Sources */ = {isa = PBXBuildFile; fileRef = ADCD71A022771CF90058DF23 /* SearchViewController.swift */; };
		ADCD71A522771D320058DF23 /* AppDelegateSpec.swift in Sources */ = {isa = PBXBuildFile; fileRef = ADCD71A422771D320058DF23 /* AppDelegateSpec.swift */; };
		ADCD71AA22772C640058DF23 /* SearchViewControllerSpec.swift in Sources */ = {isa = PBXBuildFile; fileRef = ADCD71A922772C640058DF23 /* SearchViewControllerSpec.swift */; };
		ADCD71AC22772DE80058DF23 /* SearchView.swift in Sources */ = {isa = PBXBuildFile; fileRef = ADCD71AB22772DE80058DF23 /* SearchView.swift */; };
		ADCD71AE227734640058DF23 /* SearchViewSpec.swift in Sources */ = {isa = PBXBuildFile; fileRef = ADCD71AD227734640058DF23 /* SearchViewSpec.swift */; };
		ADCD71B122773AD20058DF23 /* RepositoriesProviding.swift in Sources */ = {isa = PBXBuildFile; fileRef = ADCD71B022773AD20058DF23 /* RepositoriesProviding.swift */; };
		ADCD71B322773AE30058DF23 /* RepositoriesProvider.swift in Sources */ = {isa = PBXBuildFile; fileRef = ADCD71B222773AE30058DF23 /* RepositoriesProvider.swift */; };
		ADCD71B622773B430058DF23 /* RepositoriesProviderSpec.swift in Sources */ = {isa = PBXBuildFile; fileRef = ADCD71B522773B430058DF23 /* RepositoriesProviderSpec.swift */; };
		ADCD71B822773BF20058DF23 /* RepositoriesProviderStub.swift in Sources */ = {isa = PBXBuildFile; fileRef = ADCD71B722773BF20058DF23 /* RepositoriesProviderStub.swift */; };
		ADCD71BA22773E490058DF23 /* OHHTTPStubs.framework in Frameworks */ = {isa = PBXBuildFile; fileRef = ADCD71B922773E490058DF23 /* OHHTTPStubs.framework */; };
		ADCD71BB22773E4E0058DF23 /* OHHTTPStubs.framework in CopyFiles */ = {isa = PBXBuildFile; fileRef = ADCD71B922773E490058DF23 /* OHHTTPStubs.framework */; settings = {ATTRIBUTES = (CodeSignOnCopy, RemoveHeadersOnCopy, ); }; };
		ADCD71C1227740150058DF23 /* repositories_search.json in Resources */ = {isa = PBXBuildFile; fileRef = ADCD71C0227740140058DF23 /* repositories_search.json */; };
		ADCD71C3227741040058DF23 /* RepositoriesSearchResponse.swift in Sources */ = {isa = PBXBuildFile; fileRef = ADCD71C2227741040058DF23 /* RepositoriesSearchResponse.swift */; };
		ADCD71C5227743380058DF23 /* Repository.swift in Sources */ = {isa = PBXBuildFile; fileRef = ADCD71C4227743380058DF23 /* Repository.swift */; };
		ADCD71C7227754160058DF23 /* RepositoryOwner.swift in Sources */ = {isa = PBXBuildFile; fileRef = ADCD71C6227754160058DF23 /* RepositoryOwner.swift */; };
		ADCD71CB2277560C0058DF23 /* Bundle+TestBundle.swift in Sources */ = {isa = PBXBuildFile; fileRef = ADCD71CA2277560C0058DF23 /* Bundle+TestBundle.swift */; };
		ADCD71CE227756510058DF23 /* ImagesFetching.swift in Sources */ = {isa = PBXBuildFile; fileRef = ADCD71CD227756510058DF23 /* ImagesFetching.swift */; };
		ADCD71D3227756D10058DF23 /* Kingfisher+ImagesFetching.swift in Sources */ = {isa = PBXBuildFile; fileRef = ADCD71D2227756D10058DF23 /* Kingfisher+ImagesFetching.swift */; };
		ADCD71D5227757E80058DF23 /* Kingfisher.framework in Frameworks */ = {isa = PBXBuildFile; fileRef = ADCD71D4227757E80058DF23 /* Kingfisher.framework */; };
		ADCD71D8227758D50058DF23 /* ImagesFetcherStub.swift in Sources */ = {isa = PBXBuildFile; fileRef = ADCD71D7227758D50058DF23 /* ImagesFetcherStub.swift */; };
		ADCD71DC227759910058DF23 /* github_pic_2.jpg in Resources */ = {isa = PBXBuildFile; fileRef = ADCD71DB227759910058DF23 /* github_pic_2.jpg */; };
		ADCD71DE227759CA0058DF23 /* github_pic_3.png in Resources */ = {isa = PBXBuildFile; fileRef = ADCD71DD227759CA0058DF23 /* github_pic_3.png */; };
		ADCD71E0227759F30058DF23 /* github_pic_1.jpg in Resources */ = {isa = PBXBuildFile; fileRef = ADCD71DF227759F30058DF23 /* github_pic_1.jpg */; };
		ADCD71E222775A200058DF23 /* github_pic_4.jpg in Resources */ = {isa = PBXBuildFile; fileRef = ADCD71E122775A200058DF23 /* github_pic_4.jpg */; };
		ADCD71E422775ED20058DF23 /* RepositoryCell.swift in Sources */ = {isa = PBXBuildFile; fileRef = ADCD71E322775ED20058DF23 /* RepositoryCell.swift */; };
		ADCD71E7227762340058DF23 /* RepositoryCellSpec.swift in Sources */ = {isa = PBXBuildFile; fileRef = ADCD71E6227762340058DF23 /* RepositoryCellSpec.swift */; };
		ADCD71E9227764F10058DF23 /* UITableView+Extensions.swift in Sources */ = {isa = PBXBuildFile; fileRef = ADCD71E8227764F10058DF23 /* UITableView+Extensions.swift */; };
		ADCD71ED227773940058DF23 /* SearchErrorsResponse.swift in Sources */ = {isa = PBXBuildFile; fileRef = ADCD71EC227773940058DF23 /* SearchErrorsResponse.swift */; };
		ADCD71F1227774690058DF23 /* RepoSearchError.swift in Sources */ = {isa = PBXBuildFile; fileRef = ADCD71F0227774690058DF23 /* RepoSearchError.swift */; };
		ADCD71F3227775210058DF23 /* repositories_search_failure.json in Resources */ = {isa = PBXBuildFile; fileRef = ADCD71F2227775210058DF23 /* repositories_search_failure.json */; };
/* End PBXBuildFile section */

/* Begin PBXContainerItemProxy section */
		ADCD718E227717AF0058DF23 /* PBXContainerItemProxy */ = {
			isa = PBXContainerItemProxy;
			containerPortal = ADCD7163227702280058DF23 /* Project object */;
			proxyType = 1;
			remoteGlobalIDString = ADCD716A227702280058DF23;
			remoteInfo = GithubAPI;
		};
/* End PBXContainerItemProxy section */

/* Begin PBXCopyFilesBuildPhase section */
		ADCD719322771B6C0058DF23 /* CopyFiles */ = {
			isa = PBXCopyFilesBuildPhase;
			buildActionMask = 2147483647;
			dstPath = "";
			dstSubfolderSpec = 10;
			files = (
				ADCD71BB22773E4E0058DF23 /* OHHTTPStubs.framework in CopyFiles */,
				ADCD719C22771BDB0058DF23 /* Quick.framework in CopyFiles */,
				ADCD719B22771BD80058DF23 /* SnapshotTesting.framework in CopyFiles */,
				ADCD719A22771BD40058DF23 /* Nimble.framework in CopyFiles */,
			);
			runOnlyForDeploymentPostprocessing = 0;
		};
/* End PBXCopyFilesBuildPhase section */

/* Begin PBXFileReference section */
		ADCD716B227702280058DF23 /* GithubAPI.app */ = {isa = PBXFileReference; explicitFileType = wrapper.application; includeInIndex = 0; path = GithubAPI.app; sourceTree = BUILT_PRODUCTS_DIR; };
		ADCD716E227702280058DF23 /* AppDelegate.swift */ = {isa = PBXFileReference; lastKnownFileType = sourcecode.swift; path = AppDelegate.swift; sourceTree = "<group>"; };
		ADCD7175227702290058DF23 /* Assets.xcassets */ = {isa = PBXFileReference; lastKnownFileType = folder.assetcatalog; path = Assets.xcassets; sourceTree = "<group>"; };
		ADCD7178227702290058DF23 /* Base */ = {isa = PBXFileReference; lastKnownFileType = file.storyboard; name = Base; path = Base.lproj/LaunchScreen.storyboard; sourceTree = "<group>"; };
		ADCD717A227702290058DF23 /* Info.plist */ = {isa = PBXFileReference; lastKnownFileType = text.plist.xml; path = Info.plist; sourceTree = "<group>"; };
		ADCD7183227713A90058DF23 /* SnapKit.framework */ = {isa = PBXFileReference; lastKnownFileType = wrapper.framework; name = SnapKit.framework; path = Carthage/Build/iOS/SnapKit.framework; sourceTree = "<group>"; };
		ADCD7189227717AF0058DF23 /* GithubAPITests.xctest */ = {isa = PBXFileReference; explicitFileType = wrapper.cfbundle; includeInIndex = 0; path = GithubAPITests.xctest; sourceTree = BUILT_PRODUCTS_DIR; };
		ADCD718D227717AF0058DF23 /* Info.plist */ = {isa = PBXFileReference; lastKnownFileType = text.plist.xml; path = Info.plist; sourceTree = "<group>"; };
		ADCD719422771B800058DF23 /* Quick.framework */ = {isa = PBXFileReference; lastKnownFileType = wrapper.framework; name = Quick.framework; path = Carthage/Build/iOS/Quick.framework; sourceTree = "<group>"; };
		ADCD719622771B8B0058DF23 /* Nimble.framework */ = {isa = PBXFileReference; lastKnownFileType = wrapper.framework; name = Nimble.framework; path = Carthage/Build/iOS/Nimble.framework; sourceTree = "<group>"; };
		ADCD719822771B940058DF23 /* SnapshotTesting.framework */ = {isa = PBXFileReference; lastKnownFileType = wrapper.framework; name = SnapshotTesting.framework; path = Carthage/Build/iOS/SnapshotTesting.framework; sourceTree = "<group>"; };
		ADCD71A022771CF90058DF23 /* SearchViewController.swift */ = {isa = PBXFileReference; lastKnownFileType = sourcecode.swift; path = SearchViewController.swift; sourceTree = "<group>"; };
		ADCD71A422771D320058DF23 /* AppDelegateSpec.swift */ = {isa = PBXFileReference; lastKnownFileType = sourcecode.swift; path = AppDelegateSpec.swift; sourceTree = "<group>"; };
		ADCD71A922772C640058DF23 /* SearchViewControllerSpec.swift */ = {isa = PBXFileReference; lastKnownFileType = sourcecode.swift; path = SearchViewControllerSpec.swift; sourceTree = "<group>"; };
		ADCD71AB22772DE80058DF23 /* SearchView.swift */ = {isa = PBXFileReference; lastKnownFileType = sourcecode.swift; path = SearchView.swift; sourceTree = "<group>"; };
		ADCD71AD227734640058DF23 /* SearchViewSpec.swift */ = {isa = PBXFileReference; lastKnownFileType = sourcecode.swift; path = SearchViewSpec.swift; sourceTree = "<group>"; };
		ADCD71B022773AD20058DF23 /* RepositoriesProviding.swift */ = {isa = PBXFileReference; lastKnownFileType = sourcecode.swift; path = RepositoriesProviding.swift; sourceTree = "<group>"; };
		ADCD71B222773AE30058DF23 /* RepositoriesProvider.swift */ = {isa = PBXFileReference; lastKnownFileType = sourcecode.swift; path = RepositoriesProvider.swift; sourceTree = "<group>"; };
		ADCD71B522773B430058DF23 /* RepositoriesProviderSpec.swift */ = {isa = PBXFileReference; lastKnownFileType = sourcecode.swift; path = RepositoriesProviderSpec.swift; sourceTree = "<group>"; };
		ADCD71B722773BF20058DF23 /* RepositoriesProviderStub.swift */ = {isa = PBXFileReference; lastKnownFileType = sourcecode.swift; path = RepositoriesProviderStub.swift; sourceTree = "<group>"; };
		ADCD71B922773E490058DF23 /* OHHTTPStubs.framework */ = {isa = PBXFileReference; lastKnownFileType = wrapper.framework; name = OHHTTPStubs.framework; path = Carthage/Build/iOS/OHHTTPStubs.framework; sourceTree = "<group>"; };
		ADCD71C0227740140058DF23 /* repositories_search.json */ = {isa = PBXFileReference; lastKnownFileType = text.json; path = repositories_search.json; sourceTree = "<group>"; };
		ADCD71C2227741040058DF23 /* RepositoriesSearchResponse.swift */ = {isa = PBXFileReference; lastKnownFileType = sourcecode.swift; path = RepositoriesSearchResponse.swift; sourceTree = "<group>"; };
		ADCD71C4227743380058DF23 /* Repository.swift */ = {isa = PBXFileReference; lastKnownFileType = sourcecode.swift; path = Repository.swift; sourceTree = "<group>"; };
		ADCD71C6227754160058DF23 /* RepositoryOwner.swift */ = {isa = PBXFileReference; lastKnownFileType = sourcecode.swift; path = RepositoryOwner.swift; sourceTree = "<group>"; };
		ADCD71CA2277560C0058DF23 /* Bundle+TestBundle.swift */ = {isa = PBXFileReference; lastKnownFileType = sourcecode.swift; path = "Bundle+TestBundle.swift"; sourceTree = "<group>"; };
		ADCD71CD227756510058DF23 /* ImagesFetching.swift */ = {isa = PBXFileReference; lastKnownFileType = sourcecode.swift; path = ImagesFetching.swift; sourceTree = "<group>"; };
		ADCD71D2227756D10058DF23 /* Kingfisher+ImagesFetching.swift */ = {isa = PBXFileReference; lastKnownFileType = sourcecode.swift; path = "Kingfisher+ImagesFetching.swift"; sourceTree = "<group>"; };
		ADCD71D4227757E80058DF23 /* Kingfisher.framework */ = {isa = PBXFileReference; lastKnownFileType = wrapper.framework; name = Kingfisher.framework; path = Carthage/Build/iOS/Kingfisher.framework; sourceTree = "<group>"; };
		ADCD71D7227758D50058DF23 /* ImagesFetcherStub.swift */ = {isa = PBXFileReference; lastKnownFileType = sourcecode.swift; path = ImagesFetcherStub.swift; sourceTree = "<group>"; };
		ADCD71DB227759910058DF23 /* github_pic_2.jpg */ = {isa = PBXFileReference; lastKnownFileType = image.jpeg; path = github_pic_2.jpg; sourceTree = "<group>"; };
		ADCD71DD227759CA0058DF23 /* github_pic_3.png */ = {isa = PBXFileReference; lastKnownFileType = image.png; path = github_pic_3.png; sourceTree = "<group>"; };
		ADCD71DF227759F30058DF23 /* github_pic_1.jpg */ = {isa = PBXFileReference; lastKnownFileType = image.jpeg; path = github_pic_1.jpg; sourceTree = "<group>"; };
		ADCD71E122775A200058DF23 /* github_pic_4.jpg */ = {isa = PBXFileReference; lastKnownFileType = image.jpeg; path = github_pic_4.jpg; sourceTree = "<group>"; };
		ADCD71E322775ED20058DF23 /* RepositoryCell.swift */ = {isa = PBXFileReference; lastKnownFileType = sourcecode.swift; path = RepositoryCell.swift; sourceTree = "<group>"; };
		ADCD71E6227762340058DF23 /* RepositoryCellSpec.swift */ = {isa = PBXFileReference; lastKnownFileType = sourcecode.swift; path = RepositoryCellSpec.swift; sourceTree = "<group>"; };
		ADCD71E8227764F10058DF23 /* UITableView+Extensions.swift */ = {isa = PBXFileReference; lastKnownFileType = sourcecode.swift; path = "UITableView+Extensions.swift"; sourceTree = "<group>"; };
		ADCD71EC227773940058DF23 /* SearchErrorsResponse.swift */ = {isa = PBXFileReference; lastKnownFileType = sourcecode.swift; path = SearchErrorsResponse.swift; sourceTree = "<group>"; };
		ADCD71F0227774690058DF23 /* RepoSearchError.swift */ = {isa = PBXFileReference; lastKnownFileType = sourcecode.swift; path = RepoSearchError.swift; sourceTree = "<group>"; };
		ADCD71F2227775210058DF23 /* repositories_search_failure.json */ = {isa = PBXFileReference; lastKnownFileType = text.json; path = repositories_search_failure.json; sourceTree = "<group>"; };
/* End PBXFileReference section */

/* Begin PBXFrameworksBuildPhase section */
		ADCD7168227702280058DF23 /* Frameworks */ = {
			isa = PBXFrameworksBuildPhase;
			buildActionMask = 2147483647;
			files = (
				ADCD71D5227757E80058DF23 /* Kingfisher.framework in Frameworks */,
				ADCD7184227713A90058DF23 /* SnapKit.framework in Frameworks */,
			);
			runOnlyForDeploymentPostprocessing = 0;
		};
		ADCD7186227717AF0058DF23 /* Frameworks */ = {
			isa = PBXFrameworksBuildPhase;
			buildActionMask = 2147483647;
			files = (
				ADCD71BA22773E490058DF23 /* OHHTTPStubs.framework in Frameworks */,
				ADCD719922771B940058DF23 /* SnapshotTesting.framework in Frameworks */,
				ADCD719722771B8B0058DF23 /* Nimble.framework in Frameworks */,
				ADCD719522771B800058DF23 /* Quick.framework in Frameworks */,
			);
			runOnlyForDeploymentPostprocessing = 0;
		};
/* End PBXFrameworksBuildPhase section */

/* Begin PBXGroup section */
		ADCD7162227702280058DF23 = {
			isa = PBXGroup;
			children = (
				ADCD716D227702280058DF23 /* GithubAPI */,
				ADCD718A227717AF0058DF23 /* GithubAPITests */,
				ADCD716C227702280058DF23 /* Products */,
				ADCD7182227713A90058DF23 /* Frameworks */,
			);
			sourceTree = "<group>";
		};
		ADCD716C227702280058DF23 /* Products */ = {
			isa = PBXGroup;
			children = (
				ADCD716B227702280058DF23 /* GithubAPI.app */,
				ADCD7189227717AF0058DF23 /* GithubAPITests.xctest */,
			);
			name = Products;
			sourceTree = "<group>";
		};
		ADCD716D227702280058DF23 /* GithubAPI */ = {
			isa = PBXGroup;
			children = (
				ADCD716E227702280058DF23 /* AppDelegate.swift */,
				ADCD7177227702290058DF23 /* LaunchScreen.storyboard */,
				ADCD717A227702290058DF23 /* Info.plist */,
				ADCD719E22771CE20058DF23 /* Stories */,
				ADCD71CC227756460058DF23 /* Utils */,
				ADCD71D1227756BF0058DF23 /* Extensions */,
				ADCD719D22771CCD0058DF23 /* Assets */,
			);
			path = GithubAPI;
			sourceTree = "<group>";
		};
		ADCD7182227713A90058DF23 /* Frameworks */ = {
			isa = PBXGroup;
			children = (
				ADCD71D4227757E80058DF23 /* Kingfisher.framework */,
				ADCD71B922773E490058DF23 /* OHHTTPStubs.framework */,
				ADCD719822771B940058DF23 /* SnapshotTesting.framework */,
				ADCD719622771B8B0058DF23 /* Nimble.framework */,
				ADCD719422771B800058DF23 /* Quick.framework */,
				ADCD7183227713A90058DF23 /* SnapKit.framework */,
			);
			name = Frameworks;
			sourceTree = "<group>";
		};
		ADCD718A227717AF0058DF23 /* GithubAPITests */ = {
			isa = PBXGroup;
			children = (
				ADCD71A622772C420058DF23 /* Stories */,
				ADCD71D6227758C80058DF23 /* Doubles */,
				ADCD71C9227755EE0058DF23 /* Extensions */,
				ADCD71C8227755E50058DF23 /* Assets */,
				ADCD71A322771D230058DF23 /* Application */,
				ADCD718D227717AF0058DF23 /* Info.plist */,
			);
			path = GithubAPITests;
			sourceTree = "<group>";
		};
		ADCD719D22771CCD0058DF23 /* Assets */ = {
			isa = PBXGroup;
			children = (
				ADCD7175227702290058DF23 /* Assets.xcassets */,
			);
			path = Assets;
			sourceTree = "<group>";
		};
		ADCD719E22771CE20058DF23 /* Stories */ = {
			isa = PBXGroup;
			children = (
				ADCD719F22771CEC0058DF23 /* Search */,
			);
			path = Stories;
			sourceTree = "<group>";
		};
		ADCD719F22771CEC0058DF23 /* Search */ = {
			isa = PBXGroup;
			children = (
				ADCD71BC22773EB10058DF23 /* Model */,
				ADCD71AF22773ABE0058DF23 /* Provider */,
				ADCD71A222771D0B0058DF23 /* View */,
			);
			path = Search;
			sourceTree = "<group>";
		};
		ADCD71A222771D0B0058DF23 /* View */ = {
			isa = PBXGroup;
			children = (
				ADCD71A022771CF90058DF23 /* SearchViewController.swift */,
				ADCD71AB22772DE80058DF23 /* SearchView.swift */,
				ADCD71E322775ED20058DF23 /* RepositoryCell.swift */,
			);
			path = View;
			sourceTree = "<group>";
		};
		ADCD71A322771D230058DF23 /* Application */ = {
			isa = PBXGroup;
			children = (
				ADCD71A422771D320058DF23 /* AppDelegateSpec.swift */,
			);
			path = Application;
			sourceTree = "<group>";
		};
		ADCD71A622772C420058DF23 /* Stories */ = {
			isa = PBXGroup;
			children = (
				ADCD71A722772C470058DF23 /* Search */,
			);
			path = Stories;
			sourceTree = "<group>";
		};
		ADCD71A722772C470058DF23 /* Search */ = {
			isa = PBXGroup;
			children = (
				ADCD71A922772C640058DF23 /* SearchViewControllerSpec.swift */,
				ADCD71AD227734640058DF23 /* SearchViewSpec.swift */,
				ADCD71E52277622A0058DF23 /* RepositoryCell */,
				ADCD71B422773B360058DF23 /* Provider */,
			);
			path = Search;
			sourceTree = "<group>";
		};
		ADCD71AF22773ABE0058DF23 /* Provider */ = {
			isa = PBXGroup;
			children = (
				ADCD71B022773AD20058DF23 /* RepositoriesProviding.swift */,
				ADCD71B222773AE30058DF23 /* RepositoriesProvider.swift */,
			);
			path = Provider;
			sourceTree = "<group>";
		};
		ADCD71B422773B360058DF23 /* Provider */ = {
			isa = PBXGroup;
			children = (
				ADCD71B522773B430058DF23 /* RepositoriesProviderSpec.swift */,
				ADCD71B722773BF20058DF23 /* RepositoriesProviderStub.swift */,
				ADCD71BF227740050058DF23 /* Fixture */,
			);
			path = Provider;
			sourceTree = "<group>";
		};
		ADCD71BC22773EB10058DF23 /* Model */ = {
			isa = PBXGroup;
			children = (
				ADCD71C2227741040058DF23 /* RepositoriesSearchResponse.swift */,
				ADCD71C4227743380058DF23 /* Repository.swift */,
				ADCD71C6227754160058DF23 /* RepositoryOwner.swift */,
				ADCD71EC227773940058DF23 /* SearchErrorsResponse.swift */,
				ADCD71F0227774690058DF23 /* RepoSearchError.swift */,
			);
			path = Model;
			sourceTree = "<group>";
		};
		ADCD71BF227740050058DF23 /* Fixture */ = {
			isa = PBXGroup;
			children = (
				ADCD71C0227740140058DF23 /* repositories_search.json */,
				ADCD71F2227775210058DF23 /* repositories_search_failure.json */,
			);
			path = Fixture;
			sourceTree = "<group>";
		};
		ADCD71C8227755E50058DF23 /* Assets */ = {
			isa = PBXGroup;
			children = (
				ADCD71DF227759F30058DF23 /* github_pic_1.jpg */,
				ADCD71DB227759910058DF23 /* github_pic_2.jpg */,
				ADCD71DD227759CA0058DF23 /* github_pic_3.png */,
				ADCD71E122775A200058DF23 /* github_pic_4.jpg */,
			);
			path = Assets;
			sourceTree = "<group>";
		};
		ADCD71C9227755EE0058DF23 /* Extensions */ = {
			isa = PBXGroup;
			children = (
				ADCD71CA2277560C0058DF23 /* Bundle+TestBundle.swift */,
			);
			path = Extensions;
			sourceTree = "<group>";
		};
		ADCD71CC227756460058DF23 /* Utils */ = {
			isa = PBXGroup;
			children = (
				ADCD71CD227756510058DF23 /* ImagesFetching.swift */,
			);
			path = Utils;
			sourceTree = "<group>";
		};
		ADCD71D1227756BF0058DF23 /* Extensions */ = {
			isa = PBXGroup;
			children = (
				ADCD71D2227756D10058DF23 /* Kingfisher+ImagesFetching.swift */,
				ADCD71E8227764F10058DF23 /* UITableView+Extensions.swift */,
			);
			path = Extensions;
			sourceTree = "<group>";
		};
		ADCD71D6227758C80058DF23 /* Doubles */ = {
			isa = PBXGroup;
			children = (
				ADCD71D7227758D50058DF23 /* ImagesFetcherStub.swift */,
			);
			path = Doubles;
			sourceTree = "<group>";
		};
		ADCD71E52277622A0058DF23 /* RepositoryCell */ = {
			isa = PBXGroup;
			children = (
				ADCD71E6227762340058DF23 /* RepositoryCellSpec.swift */,
			);
			path = RepositoryCell;
			sourceTree = "<group>";
		};
/* End PBXGroup section */

/* Begin PBXNativeTarget section */
		ADCD716A227702280058DF23 /* GithubAPI */ = {
			isa = PBXNativeTarget;
			buildConfigurationList = ADCD717D227702290058DF23 /* Build configuration list for PBXNativeTarget "GithubAPI" */;
			buildPhases = (
				ADCD7167227702280058DF23 /* Sources */,
				ADCD718122770CD00058DF23 /* [Carthage] Copy frameworks */,
				ADCD7168227702280058DF23 /* Frameworks */,
				ADCD7169227702280058DF23 /* Resources */,
			);
			buildRules = (
			);
			dependencies = (
			);
			name = GithubAPI;
			productName = GithubAPI;
			productReference = ADCD716B227702280058DF23 /* GithubAPI.app */;
			productType = "com.apple.product-type.application";
		};
		ADCD7188227717AF0058DF23 /* GithubAPITests */ = {
			isa = PBXNativeTarget;
			buildConfigurationList = ADCD7190227717AF0058DF23 /* Build configuration list for PBXNativeTarget "GithubAPITests" */;
			buildPhases = (
				ADCD7185227717AF0058DF23 /* Sources */,
				ADCD7186227717AF0058DF23 /* Frameworks */,
				ADCD7187227717AF0058DF23 /* Resources */,
				ADCD719322771B6C0058DF23 /* CopyFiles */,
			);
			buildRules = (
			);
			dependencies = (
				ADCD718F227717AF0058DF23 /* PBXTargetDependency */,
			);
			name = GithubAPITests;
			productName = GithubAPITests;
			productReference = ADCD7189227717AF0058DF23 /* GithubAPITests.xctest */;
			productType = "com.apple.product-type.bundle.unit-test";
		};
/* End PBXNativeTarget section */

/* Begin PBXProject section */
		ADCD7163227702280058DF23 /* Project object */ = {
			isa = PBXProject;
			attributes = {
				LastSwiftUpdateCheck = 1020;
				LastUpgradeCheck = 1020;
				ORGANIZATIONNAME = HubertFabisiak;
				TargetAttributes = {
					ADCD716A227702280058DF23 = {
						CreatedOnToolsVersion = 10.2.1;
					};
					ADCD7188227717AF0058DF23 = {
						CreatedOnToolsVersion = 10.2.1;
						LastSwiftMigration = 1020;
						TestTargetID = ADCD716A227702280058DF23;
					};
				};
			};
			buildConfigurationList = ADCD7166227702280058DF23 /* Build configuration list for PBXProject "GithubAPI" */;
			compatibilityVersion = "Xcode 9.3";
			developmentRegion = en;
			hasScannedForEncodings = 0;
			knownRegions = (
				en,
				Base,
			);
			mainGroup = ADCD7162227702280058DF23;
			productRefGroup = ADCD716C227702280058DF23 /* Products */;
			projectDirPath = "";
			projectRoot = "";
			targets = (
				ADCD716A227702280058DF23 /* GithubAPI */,
				ADCD7188227717AF0058DF23 /* GithubAPITests */,
			);
		};
/* End PBXProject section */

/* Begin PBXResourcesBuildPhase section */
		ADCD7169227702280058DF23 /* Resources */ = {
			isa = PBXResourcesBuildPhase;
			buildActionMask = 2147483647;
			files = (
				ADCD7179227702290058DF23 /* LaunchScreen.storyboard in Resources */,
				ADCD7176227702290058DF23 /* Assets.xcassets in Resources */,
			);
			runOnlyForDeploymentPostprocessing = 0;
		};
		ADCD7187227717AF0058DF23 /* Resources */ = {
			isa = PBXResourcesBuildPhase;
			buildActionMask = 2147483647;
			files = (
				ADCD71E222775A200058DF23 /* github_pic_4.jpg in Resources */,
				ADCD71C1227740150058DF23 /* repositories_search.json in Resources */,
				ADCD71E0227759F30058DF23 /* github_pic_1.jpg in Resources */,
				ADCD71DC227759910058DF23 /* github_pic_2.jpg in Resources */,
				ADCD71F3227775210058DF23 /* repositories_search_failure.json in Resources */,
				ADCD71DE227759CA0058DF23 /* github_pic_3.png in Resources */,
			);
			runOnlyForDeploymentPostprocessing = 0;
		};
/* End PBXResourcesBuildPhase section */

/* Begin PBXShellScriptBuildPhase section */
		ADCD718122770CD00058DF23 /* [Carthage] Copy frameworks */ = {
			isa = PBXShellScriptBuildPhase;
			buildActionMask = 2147483647;
			files = (
			);
			inputFileListPaths = (
			);
			inputPaths = (
				"$(SRCROOT)/Carthage/Build/iOS/SnapKit.framework",
				"$(SRCROOT)/Carthage/Build/iOS/Kingfisher.framework",
			);
			name = "[Carthage] Copy frameworks";
			outputFileListPaths = (
			);
			outputPaths = (
				"$(BUILT_PRODUCTS_DIR)/$(FRAMEWORKS_FOLDER_PATH)/SnapKit.framework",
				"$(BUILT_PRODUCTS_DIR)/$(FRAMEWORKS_FOLDER_PATH)/Kingfisher.framework",
			);
			runOnlyForDeploymentPostprocessing = 0;
			shellPath = /bin/sh;
			shellScript = "/usr/local/bin/carthage copy-frameworks\n";
		};
/* End PBXShellScriptBuildPhase section */

/* Begin PBXSourcesBuildPhase section */
		ADCD7167227702280058DF23 /* Sources */ = {
			isa = PBXSourcesBuildPhase;
			buildActionMask = 2147483647;
			files = (
				ADCD71F1227774690058DF23 /* RepoSearchError.swift in Sources */,
				ADCD71C5227743380058DF23 /* Repository.swift in Sources */,
				ADCD71D3227756D10058DF23 /* Kingfisher+ImagesFetching.swift in Sources */,
				ADCD71B122773AD20058DF23 /* RepositoriesProviding.swift in Sources */,
				ADCD71ED227773940058DF23 /* SearchErrorsResponse.swift in Sources */,
				ADCD71E9227764F10058DF23 /* UITableView+Extensions.swift in Sources */,
				ADCD71A122771CF90058DF23 /* SearchViewController.swift in Sources */,
				ADCD71CE227756510058DF23 /* ImagesFetching.swift in Sources */,
				ADCD71C7227754160058DF23 /* RepositoryOwner.swift in Sources */,
				ADCD71E422775ED20058DF23 /* RepositoryCell.swift in Sources */,
				ADCD71B322773AE30058DF23 /* RepositoriesProvider.swift in Sources */,
				ADCD71AC22772DE80058DF23 /* SearchView.swift in Sources */,
				ADCD716F227702280058DF23 /* AppDelegate.swift in Sources */,
				ADCD71C3227741040058DF23 /* RepositoriesSearchResponse.swift in Sources */,
			);
			runOnlyForDeploymentPostprocessing = 0;
		};
		ADCD7185227717AF0058DF23 /* Sources */ = {
			isa = PBXSourcesBuildPhase;
			buildActionMask = 2147483647;
			files = (
				ADCD71D8227758D50058DF23 /* ImagesFetcherStub.swift in Sources */,
				ADCD71B822773BF20058DF23 /* RepositoriesProviderStub.swift in Sources */,
				ADCD71CB2277560C0058DF23 /* Bundle+TestBundle.swift in Sources */,
				ADCD71A522771D320058DF23 /* AppDelegateSpec.swift in Sources */,
				ADCD71AE227734640058DF23 /* SearchViewSpec.swift in Sources */,
				ADCD71AA22772C640058DF23 /* SearchViewControllerSpec.swift in Sources */,
				ADCD71E7227762340058DF23 /* RepositoryCellSpec.swift in Sources */,
				ADCD71B622773B430058DF23 /* RepositoriesProviderSpec.swift in Sources */,
			);
			runOnlyForDeploymentPostprocessing = 0;
		};
/* End PBXSourcesBuildPhase section */

/* Begin PBXTargetDependency section */
		ADCD718F227717AF0058DF23 /* PBXTargetDependency */ = {
			isa = PBXTargetDependency;
			target = ADCD716A227702280058DF23 /* GithubAPI */;
			targetProxy = ADCD718E227717AF0058DF23 /* PBXContainerItemProxy */;
		};
/* End PBXTargetDependency section */

/* Begin PBXVariantGroup section */
		ADCD7177227702290058DF23 /* LaunchScreen.storyboard */ = {
			isa = PBXVariantGroup;
			children = (
				ADCD7178227702290058DF23 /* Base */,
			);
			name = LaunchScreen.storyboard;
			sourceTree = "<group>";
		};
/* End PBXVariantGroup section */

/* Begin XCBuildConfiguration section */
		ADCD717B227702290058DF23 /* Debug */ = {
			isa = XCBuildConfiguration;
			buildSettings = {
				ALWAYS_SEARCH_USER_PATHS = NO;
				CLANG_ANALYZER_NONNULL = YES;
				CLANG_ANALYZER_NUMBER_OBJECT_CONVERSION = YES_AGGRESSIVE;
				CLANG_CXX_LANGUAGE_STANDARD = "gnu++14";
				CLANG_CXX_LIBRARY = "libc++";
				CLANG_ENABLE_MODULES = YES;
				CLANG_ENABLE_OBJC_ARC = YES;
				CLANG_ENABLE_OBJC_WEAK = YES;
				CLANG_WARN_BLOCK_CAPTURE_AUTORELEASING = YES;
				CLANG_WARN_BOOL_CONVERSION = YES;
				CLANG_WARN_COMMA = YES;
				CLANG_WARN_CONSTANT_CONVERSION = YES;
				CLANG_WARN_DEPRECATED_OBJC_IMPLEMENTATIONS = YES;
				CLANG_WARN_DIRECT_OBJC_ISA_USAGE = YES_ERROR;
				CLANG_WARN_DOCUMENTATION_COMMENTS = YES;
				CLANG_WARN_EMPTY_BODY = YES;
				CLANG_WARN_ENUM_CONVERSION = YES;
				CLANG_WARN_INFINITE_RECURSION = YES;
				CLANG_WARN_INT_CONVERSION = YES;
				CLANG_WARN_NON_LITERAL_NULL_CONVERSION = YES;
				CLANG_WARN_OBJC_IMPLICIT_RETAIN_SELF = YES;
				CLANG_WARN_OBJC_LITERAL_CONVERSION = YES;
				CLANG_WARN_OBJC_ROOT_CLASS = YES_ERROR;
				CLANG_WARN_RANGE_LOOP_ANALYSIS = YES;
				CLANG_WARN_STRICT_PROTOTYPES = YES;
				CLANG_WARN_SUSPICIOUS_MOVE = YES;
				CLANG_WARN_UNGUARDED_AVAILABILITY = YES_AGGRESSIVE;
				CLANG_WARN_UNREACHABLE_CODE = YES;
				CLANG_WARN__DUPLICATE_METHOD_MATCH = YES;
				CODE_SIGN_IDENTITY = "iPhone Developer";
				COPY_PHASE_STRIP = NO;
				DEBUG_INFORMATION_FORMAT = dwarf;
				ENABLE_STRICT_OBJC_MSGSEND = YES;
				ENABLE_TESTABILITY = YES;
				GCC_C_LANGUAGE_STANDARD = gnu11;
				GCC_DYNAMIC_NO_PIC = NO;
				GCC_NO_COMMON_BLOCKS = YES;
				GCC_OPTIMIZATION_LEVEL = 0;
				GCC_PREPROCESSOR_DEFINITIONS = (
					"DEBUG=1",
					"$(inherited)",
				);
				GCC_WARN_64_TO_32_BIT_CONVERSION = YES;
				GCC_WARN_ABOUT_RETURN_TYPE = YES_ERROR;
				GCC_WARN_UNDECLARED_SELECTOR = YES;
				GCC_WARN_UNINITIALIZED_AUTOS = YES_AGGRESSIVE;
				GCC_WARN_UNUSED_FUNCTION = YES;
				GCC_WARN_UNUSED_VARIABLE = YES;
				IPHONEOS_DEPLOYMENT_TARGET = 12.2;
				MTL_ENABLE_DEBUG_INFO = INCLUDE_SOURCE;
				MTL_FAST_MATH = YES;
				ONLY_ACTIVE_ARCH = YES;
				SDKROOT = iphoneos;
				SWIFT_ACTIVE_COMPILATION_CONDITIONS = DEBUG;
				SWIFT_OPTIMIZATION_LEVEL = "-Onone";
			};
			name = Debug;
		};
		ADCD717C227702290058DF23 /* Release */ = {
			isa = XCBuildConfiguration;
			buildSettings = {
				ALWAYS_SEARCH_USER_PATHS = NO;
				CLANG_ANALYZER_NONNULL = YES;
				CLANG_ANALYZER_NUMBER_OBJECT_CONVERSION = YES_AGGRESSIVE;
				CLANG_CXX_LANGUAGE_STANDARD = "gnu++14";
				CLANG_CXX_LIBRARY = "libc++";
				CLANG_ENABLE_MODULES = YES;
				CLANG_ENABLE_OBJC_ARC = YES;
				CLANG_ENABLE_OBJC_WEAK = YES;
				CLANG_WARN_BLOCK_CAPTURE_AUTORELEASING = YES;
				CLANG_WARN_BOOL_CONVERSION = YES;
				CLANG_WARN_COMMA = YES;
				CLANG_WARN_CONSTANT_CONVERSION = YES;
				CLANG_WARN_DEPRECATED_OBJC_IMPLEMENTATIONS = YES;
				CLANG_WARN_DIRECT_OBJC_ISA_USAGE = YES_ERROR;
				CLANG_WARN_DOCUMENTATION_COMMENTS = YES;
				CLANG_WARN_EMPTY_BODY = YES;
				CLANG_WARN_ENUM_CONVERSION = YES;
				CLANG_WARN_INFINITE_RECURSION = YES;
				CLANG_WARN_INT_CONVERSION = YES;
				CLANG_WARN_NON_LITERAL_NULL_CONVERSION = YES;
				CLANG_WARN_OBJC_IMPLICIT_RETAIN_SELF = YES;
				CLANG_WARN_OBJC_LITERAL_CONVERSION = YES;
				CLANG_WARN_OBJC_ROOT_CLASS = YES_ERROR;
				CLANG_WARN_RANGE_LOOP_ANALYSIS = YES;
				CLANG_WARN_STRICT_PROTOTYPES = YES;
				CLANG_WARN_SUSPICIOUS_MOVE = YES;
				CLANG_WARN_UNGUARDED_AVAILABILITY = YES_AGGRESSIVE;
				CLANG_WARN_UNREACHABLE_CODE = YES;
				CLANG_WARN__DUPLICATE_METHOD_MATCH = YES;
				CODE_SIGN_IDENTITY = "iPhone Developer";
				COPY_PHASE_STRIP = NO;
				DEBUG_INFORMATION_FORMAT = "dwarf-with-dsym";
				ENABLE_NS_ASSERTIONS = NO;
				ENABLE_STRICT_OBJC_MSGSEND = YES;
				GCC_C_LANGUAGE_STANDARD = gnu11;
				GCC_NO_COMMON_BLOCKS = YES;
				GCC_WARN_64_TO_32_BIT_CONVERSION = YES;
				GCC_WARN_ABOUT_RETURN_TYPE = YES_ERROR;
				GCC_WARN_UNDECLARED_SELECTOR = YES;
				GCC_WARN_UNINITIALIZED_AUTOS = YES_AGGRESSIVE;
				GCC_WARN_UNUSED_FUNCTION = YES;
				GCC_WARN_UNUSED_VARIABLE = YES;
				IPHONEOS_DEPLOYMENT_TARGET = 12.2;
				MTL_ENABLE_DEBUG_INFO = NO;
				MTL_FAST_MATH = YES;
				SDKROOT = iphoneos;
				SWIFT_COMPILATION_MODE = wholemodule;
				SWIFT_OPTIMIZATION_LEVEL = "-O";
				VALIDATE_PRODUCT = YES;
			};
			name = Release;
		};
		ADCD717E227702290058DF23 /* Debug */ = {
			isa = XCBuildConfiguration;
			buildSettings = {
				ASSETCATALOG_COMPILER_APPICON_NAME = AppIcon;
				CODE_SIGN_STYLE = Automatic;
				DEVELOPMENT_TEAM = Z89P8XC47S;
				FRAMEWORK_SEARCH_PATHS = (
					"$(inherited)",
					"$(PROJECT_DIR)/Carthage/Build/iOS",
				);
				INFOPLIST_FILE = GithubAPI/Info.plist;
				LD_RUNPATH_SEARCH_PATHS = (
					"$(inherited)",
					"@executable_path/Frameworks",
				);
				PRODUCT_BUNDLE_IDENTIFIER = com.HubertFabisiak.GithubAPI;
				PRODUCT_NAME = "$(TARGET_NAME)";
				SWIFT_VERSION = 5.0;
				TARGETED_DEVICE_FAMILY = "1,2";
			};
			name = Debug;
		};
		ADCD717F227702290058DF23 /* Release */ = {
			isa = XCBuildConfiguration;
			buildSettings = {
				ASSETCATALOG_COMPILER_APPICON_NAME = AppIcon;
				CODE_SIGN_STYLE = Automatic;
				DEVELOPMENT_TEAM = Z89P8XC47S;
				FRAMEWORK_SEARCH_PATHS = (
					"$(inherited)",
					"$(PROJECT_DIR)/Carthage/Build/iOS",
				);
				INFOPLIST_FILE = GithubAPI/Info.plist;
				LD_RUNPATH_SEARCH_PATHS = (
					"$(inherited)",
					"@executable_path/Frameworks",
				);
				PRODUCT_BUNDLE_IDENTIFIER = com.HubertFabisiak.GithubAPI;
				PRODUCT_NAME = "$(TARGET_NAME)";
				SWIFT_VERSION = 5.0;
				TARGETED_DEVICE_FAMILY = "1,2";
			};
			name = Release;
		};
		ADCD7191227717AF0058DF23 /* Debug */ = {
			isa = XCBuildConfiguration;
			buildSettings = {
				BUNDLE_LOADER = "$(TEST_HOST)";
				CLANG_ENABLE_MODULES = YES;
				CODE_SIGN_STYLE = Automatic;
				DEVELOPMENT_TEAM = Z89P8XC47S;
				FRAMEWORK_SEARCH_PATHS = (
					"$(inherited)",
					"$(PROJECT_DIR)/Carthage/Build/iOS",
				);
				INFOPLIST_FILE = GithubAPITests/Info.plist;
				LD_RUNPATH_SEARCH_PATHS = (
					"$(inherited)",
					"@executable_path/Frameworks",
					"@loader_path/Frameworks",
				);
				PRODUCT_BUNDLE_IDENTIFIER = com.HubertFabisiak.GithubAPITests;
				PRODUCT_NAME = "$(TARGET_NAME)";
				SWIFT_OPTIMIZATION_LEVEL = "-Onone";
				SWIFT_VERSION = 5.0;
				TARGETED_DEVICE_FAMILY = "1,2";
				TEST_HOST = "$(BUILT_PRODUCTS_DIR)/GithubAPI.app/GithubAPI";
			};
			name = Debug;
		};
		ADCD7192227717AF0058DF23 /* Release */ = {
			isa = XCBuildConfiguration;
			buildSettings = {
				BUNDLE_LOADER = "$(TEST_HOST)";
				CLANG_ENABLE_MODULES = YES;
				CODE_SIGN_STYLE = Automatic;
				DEVELOPMENT_TEAM = Z89P8XC47S;
				FRAMEWORK_SEARCH_PATHS = (
					"$(inherited)",
					"$(PROJECT_DIR)/Carthage/Build/iOS",
				);
				INFOPLIST_FILE = GithubAPITests/Info.plist;
				LD_RUNPATH_SEARCH_PATHS = (
					"$(inherited)",
					"@executable_path/Frameworks",
					"@loader_path/Frameworks",
				);
				PRODUCT_BUNDLE_IDENTIFIER = com.HubertFabisiak.GithubAPITests;
				PRODUCT_NAME = "$(TARGET_NAME)";
				SWIFT_VERSION = 5.0;
				TARGETED_DEVICE_FAMILY = "1,2";
				TEST_HOST = "$(BUILT_PRODUCTS_DIR)/GithubAPI.app/GithubAPI";
			};
			name = Release;
		};
/* End XCBuildConfiguration section */

/* Begin XCConfigurationList section */
		ADCD7166227702280058DF23 /* Build configuration list for PBXProject "GithubAPI" */ = {
			isa = XCConfigurationList;
			buildConfigurations = (
				ADCD717B227702290058DF23 /* Debug */,
				ADCD717C227702290058DF23 /* Release */,
			);
			defaultConfigurationIsVisible = 0;
			defaultConfigurationName = Release;
		};
		ADCD717D227702290058DF23 /* Build configuration list for PBXNativeTarget "GithubAPI" */ = {
			isa = XCConfigurationList;
			buildConfigurations = (
				ADCD717E227702290058DF23 /* Debug */,
				ADCD717F227702290058DF23 /* Release */,
			);
			defaultConfigurationIsVisible = 0;
			defaultConfigurationName = Release;
		};
		ADCD7190227717AF0058DF23 /* Build configuration list for PBXNativeTarget "GithubAPITests" */ = {
			isa = XCConfigurationList;
			buildConfigurations = (
				ADCD7191227717AF0058DF23 /* Debug */,
				ADCD7192227717AF0058DF23 /* Release */,
			);
			defaultConfigurationIsVisible = 0;
			defaultConfigurationName = Release;
		};
/* End XCConfigurationList section */
	};
	rootObject = ADCD7163227702280058DF23 /* Project object */;
}
